// !$*UTF8*$!
{
	archiveVersion = 1;
	classes = {
	};
	objectVersion = 46;
	objects = {

/* Begin PBXBuildFile section */
		4A0490971EE7F8E700C4EF10 /* AppDelegate.m in Sources */ = {isa = PBXBuildFile; fileRef = 4A0490921EE7F8E700C4EF10 /* AppDelegate.m */; };
		4A0490981EE7F8E700C4EF10 /* main.m in Sources */ = {isa = PBXBuildFile; fileRef = 4A0490941EE7F8E700C4EF10 /* main.m */; };
		4A0490991EE7F8E700C4EF10 /* ViewController.m in Sources */ = {isa = PBXBuildFile; fileRef = 4A0490961EE7F8E700C4EF10 /* ViewController.m */; };
		4A04909F1EE8001C00C4EF10 /* homeModel.m in Sources */ = {isa = PBXBuildFile; fileRef = 4A04909E1EE8001C00C4EF10 /* homeModel.m */; };
		4A16713C1EEA26F800A3AADD /* YHSystemSoundCache.m in Sources */ = {isa = PBXBuildFile; fileRef = 4A16713B1EEA26F800A3AADD /* YHSystemSoundCache.m */; };
		4A1671401EEA391700A3AADD /* YHMusicPlayer.m in Sources */ = {isa = PBXBuildFile; fileRef = 4A16713F1EEA391700A3AADD /* YHMusicPlayer.m */; };
		4A1671451EEA398500A3AADD /* PlayLocalMusicVC.m in Sources */ = {isa = PBXBuildFile; fileRef = 4A1671441EEA398500A3AADD /* PlayLocalMusicVC.m */; };
		4A1671471EEA417400A3AADD /* one.mp3 in Resources */ = {isa = PBXBuildFile; fileRef = 4A1671461EEA417400A3AADD /* one.mp3 */; };
		4ACCA4FA1EE84CA8001CE684 /* YHAudioPlayer.m in Sources */ = {isa = PBXBuildFile; fileRef = 4ACCA4F91EE84CA8001CE684 /* YHAudioPlayer.m */; };
		4AD5F72B1EE8D5E200522AB5 /* PlayShortSoundVC.m in Sources */ = {isa = PBXBuildFile; fileRef = 4AD5F72A1EE8D5E200522AB5 /* PlayShortSoundVC.m */; };
		4AD5F72F1EE8DE5900522AB5 /* in.caf in Resources */ = {isa = PBXBuildFile; fileRef = 4AD5F72E1EE8DE5900522AB5 /* in.caf */; };
		4AEBB46F1EE7E71F0096C479 /* Main.storyboard in Resources */ = {isa = PBXBuildFile; fileRef = 4AEBB46D1EE7E71F0096C479 /* Main.storyboard */; };
		4AEBB4711EE7E71F0096C479 /* Assets.xcassets in Resources */ = {isa = PBXBuildFile; fileRef = 4AEBB4701EE7E71F0096C479 /* Assets.xcassets */; };
		4AEBB4741EE7E71F0096C479 /* LaunchScreen.storyboard in Resources */ = {isa = PBXBuildFile; fileRef = 4AEBB4721EE7E71F0096C479 /* LaunchScreen.storyboard */; };
/* End PBXBuildFile section */

/* Begin PBXFileReference section */
		4A0490911EE7F8E700C4EF10 /* AppDelegate.h */ = {isa = PBXFileReference; fileEncoding = 4; lastKnownFileType = sourcecode.c.h; path = AppDelegate.h; sourceTree = "<group>"; };
		4A0490921EE7F8E700C4EF10 /* AppDelegate.m */ = {isa = PBXFileReference; fileEncoding = 4; lastKnownFileType = sourcecode.c.objc; path = AppDelegate.m; sourceTree = "<group>"; };
		4A0490941EE7F8E700C4EF10 /* main.m */ = {isa = PBXFileReference; fileEncoding = 4; lastKnownFileType = sourcecode.c.objc; path = main.m; sourceTree = "<group>"; };
		4A0490951EE7F8E700C4EF10 /* ViewController.h */ = {isa = PBXFileReference; fileEncoding = 4; lastKnownFileType = sourcecode.c.h; path = ViewController.h; sourceTree = "<group>"; };
		4A0490961EE7F8E700C4EF10 /* ViewController.m */ = {isa = PBXFileReference; fileEncoding = 4; lastKnownFileType = sourcecode.c.objc; path = ViewController.m; sourceTree = "<group>"; };
		4A04909D1EE8001C00C4EF10 /* homeModel.h */ = {isa = PBXFileReference; fileEncoding = 4; lastKnownFileType = sourcecode.c.h; path = homeModel.h; sourceTree = "<group>"; };
		4A04909E1EE8001C00C4EF10 /* homeModel.m */ = {isa = PBXFileReference; fileEncoding = 4; lastKnownFileType = sourcecode.c.objc; path = homeModel.m; sourceTree = "<group>"; };
		4A16713A1EEA26F800A3AADD /* YHSystemSoundCache.h */ = {isa = PBXFileReference; fileEncoding = 4; lastKnownFileType = sourcecode.c.h; path = YHSystemSoundCache.h; sourceTree = "<group>"; };
		4A16713B1EEA26F800A3AADD /* YHSystemSoundCache.m */ = {isa = PBXFileReference; fileEncoding = 4; lastKnownFileType = sourcecode.c.objc; path = YHSystemSoundCache.m; sourceTree = "<group>"; };
		4A16713E1EEA391700A3AADD /* YHMusicPlayer.h */ = {isa = PBXFileReference; fileEncoding = 4; lastKnownFileType = sourcecode.c.h; path = YHMusicPlayer.h; sourceTree = "<group>"; };
		4A16713F1EEA391700A3AADD /* YHMusicPlayer.m */ = {isa = PBXFileReference; fileEncoding = 4; lastKnownFileType = sourcecode.c.objc; path = YHMusicPlayer.m; sourceTree = "<group>"; };
		4A1671431EEA398500A3AADD /* PlayLocalMusicVC.h */ = {isa = PBXFileReference; fileEncoding = 4; lastKnownFileType = sourcecode.c.h; path = PlayLocalMusicVC.h; sourceTree = "<group>"; };
		4A1671441EEA398500A3AADD /* PlayLocalMusicVC.m */ = {isa = PBXFileReference; fileEncoding = 4; lastKnownFileType = sourcecode.c.objc; path = PlayLocalMusicVC.m; sourceTree = "<group>"; };
		4A1671461EEA417400A3AADD /* one.mp3 */ = {isa = PBXFileReference; lastKnownFileType = audio.mp3; path = one.mp3; sourceTree = "<group>"; };
		4ACCA4F81EE84CA8001CE684 /* YHAudioPlayer.h */ = {isa = PBXFileReference; fileEncoding = 4; lastKnownFileType = sourcecode.c.h; path = YHAudioPlayer.h; sourceTree = "<group>"; };
		4ACCA4F91EE84CA8001CE684 /* YHAudioPlayer.m */ = {isa = PBXFileReference; fileEncoding = 4; lastKnownFileType = sourcecode.c.objc; path = YHAudioPlayer.m; sourceTree = "<group>"; };
		4AD5F7291EE8D5E200522AB5 /* PlayShortSoundVC.h */ = {isa = PBXFileReference; fileEncoding = 4; lastKnownFileType = sourcecode.c.h; path = PlayShortSoundVC.h; sourceTree = "<group>"; };
		4AD5F72A1EE8D5E200522AB5 /* PlayShortSoundVC.m */ = {isa = PBXFileReference; fileEncoding = 4; lastKnownFileType = sourcecode.c.objc; path = PlayShortSoundVC.m; sourceTree = "<group>"; };
		4AD5F72E1EE8DE5900522AB5 /* in.caf */ = {isa = PBXFileReference; lastKnownFileType = file; path = in.caf; sourceTree = "<group>"; };
		4AEBB4611EE7E71F0096C479 /* YHAudio.app */ = {isa = PBXFileReference; explicitFileType = wrapper.application; includeInIndex = 0; path = YHAudio.app; sourceTree = BUILT_PRODUCTS_DIR; };
		4AEBB46E1EE7E71F0096C479 /* Base */ = {isa = PBXFileReference; lastKnownFileType = file.storyboard; name = Base; path = Base.lproj/Main.storyboard; sourceTree = "<group>"; };
		4AEBB4701EE7E71F0096C479 /* Assets.xcassets */ = {isa = PBXFileReference; lastKnownFileType = folder.assetcatalog; path = Assets.xcassets; sourceTree = "<group>"; };
		4AEBB4731EE7E71F0096C479 /* Base */ = {isa = PBXFileReference; lastKnownFileType = file.storyboard; name = Base; path = Base.lproj/LaunchScreen.storyboard; sourceTree = "<group>"; };
		4AEBB4751EE7E71F0096C479 /* Info.plist */ = {isa = PBXFileReference; lastKnownFileType = text.plist.xml; path = Info.plist; sourceTree = "<group>"; };
/* End PBXFileReference section */

/* Begin PBXFrameworksBuildPhase section */
		4AEBB45E1EE7E71F0096C479 /* Frameworks */ = {
			isa = PBXFrameworksBuildPhase;
			buildActionMask = 2147483647;
			files = (
			);
			runOnlyForDeploymentPostprocessing = 0;
		};
/* End PBXFrameworksBuildPhase section */

/* Begin PBXGroup section */
		4A04908F1EE7F8E700C4EF10 /* Class */ = {
			isa = PBXGroup;
			children = (
				4A1671411EEA396300A3AADD /* PlayLocalMusicVC */,
				4AD5F7271EE8D5C900522AB5 /* PlayShortSoundVC */,
				4A0490901EE7F8E700C4EF10 /* Other */,
			);
			path = Class;
			sourceTree = "<group>";
		};
		4A0490901EE7F8E700C4EF10 /* Other */ = {
			isa = PBXGroup;
			children = (
				4A0490931EE7F8E700C4EF10 /* Lib */,
				4A0490911EE7F8E700C4EF10 /* AppDelegate.h */,
				4A0490921EE7F8E700C4EF10 /* AppDelegate.m */,
				4A0490941EE7F8E700C4EF10 /* main.m */,
				4A0490951EE7F8E700C4EF10 /* ViewController.h */,
				4A0490961EE7F8E700C4EF10 /* ViewController.m */,
				4A04909D1EE8001C00C4EF10 /* homeModel.h */,
				4A04909E1EE8001C00C4EF10 /* homeModel.m */,
			);
			path = Other;
			sourceTree = "<group>";
		};
		4A0490931EE7F8E700C4EF10 /* Lib */ = {
			isa = PBXGroup;
			children = (
				4A16713D1EEA390300A3AADD /* YHMusicPlayer */,
				4ACCA4F71EE84CA8001CE684 /* YHAudioPlayer */,
			);
			path = Lib;
			sourceTree = "<group>";
		};
		4A16713D1EEA390300A3AADD /* YHMusicPlayer */ = {
			isa = PBXGroup;
			children = (
				4A16713E1EEA391700A3AADD /* YHMusicPlayer.h */,
				4A16713F1EEA391700A3AADD /* YHMusicPlayer.m */,
			);
			path = YHMusicPlayer;
			sourceTree = "<group>";
		};
		4A1671411EEA396300A3AADD /* PlayLocalMusicVC */ = {
			isa = PBXGroup;
			children = (
				4A1671421EEA396300A3AADD /* Controller */,
			);
			path = PlayLocalMusicVC;
			sourceTree = "<group>";
		};
		4A1671421EEA396300A3AADD /* Controller */ = {
			isa = PBXGroup;
			children = (
				4A1671431EEA398500A3AADD /* PlayLocalMusicVC.h */,
				4A1671441EEA398500A3AADD /* PlayLocalMusicVC.m */,
			);
			path = Controller;
			sourceTree = "<group>";
		};
		4ACCA4F71EE84CA8001CE684 /* YHAudioPlayer */ = {
			isa = PBXGroup;
			children = (
				4ACCA4F81EE84CA8001CE684 /* YHAudioPlayer.h */,
				4ACCA4F91EE84CA8001CE684 /* YHAudioPlayer.m */,
				4A16713A1EEA26F800A3AADD /* YHSystemSoundCache.h */,
				4A16713B1EEA26F800A3AADD /* YHSystemSoundCache.m */,
			);
			path = YHAudioPlayer;
			sourceTree = "<group>";
		};
		4AD5F7271EE8D5C900522AB5 /* PlayShortSoundVC */ = {
			isa = PBXGroup;
			children = (
				4AD5F7281EE8D5C900522AB5 /* Controller */,
			);
			path = PlayShortSoundVC;
			sourceTree = "<group>";
		};
		4AD5F7281EE8D5C900522AB5 /* Controller */ = {
			isa = PBXGroup;
			children = (
				4AD5F7291EE8D5E200522AB5 /* PlayShortSoundVC.h */,
				4AD5F72A1EE8D5E200522AB5 /* PlayShortSoundVC.m */,
			);
			path = Controller;
			sourceTree = "<group>";
		};
		4AD5F72C1EE8DE5900522AB5 /* Resource */ = {
			isa = PBXGroup;
			children = (
				4AD5F72D1EE8DE5900522AB5 /* Sounds */,
			);
			path = Resource;
			sourceTree = "<group>";
		};
		4AD5F72D1EE8DE5900522AB5 /* Sounds */ = {
			isa = PBXGroup;
			children = (
				4A1671461EEA417400A3AADD /* one.mp3 */,
				4AD5F72E1EE8DE5900522AB5 /* in.caf */,
			);
			path = Sounds;
			sourceTree = "<group>";
		};
		4AEBB4581EE7E71F0096C479 = {
			isa = PBXGroup;
			children = (
				4AEBB4631EE7E71F0096C479 /* YHAudio */,
				4AEBB4621EE7E71F0096C479 /* Products */,
			);
			sourceTree = "<group>";
		};
		4AEBB4621EE7E71F0096C479 /* Products */ = {
			isa = PBXGroup;
			children = (
				4AEBB4611EE7E71F0096C479 /* YHAudio.app */,
			);
			name = Products;
			sourceTree = "<group>";
		};
		4AEBB4631EE7E71F0096C479 /* YHAudio */ = {
			isa = PBXGroup;
			children = (
				4A04908F1EE7F8E700C4EF10 /* Class */,
				4AEBB4641EE7E71F0096C479 /* Supporting Files */,
			);
			path = YHAudio;
			sourceTree = "<group>";
		};
		4AEBB4641EE7E71F0096C479 /* Supporting Files */ = {
			isa = PBXGroup;
			children = (
				4AD5F72C1EE8DE5900522AB5 /* Resource */,
				4AEBB46D1EE7E71F0096C479 /* Main.storyboard */,
				4AEBB4701EE7E71F0096C479 /* Assets.xcassets */,
				4AEBB4721EE7E71F0096C479 /* LaunchScreen.storyboard */,
				4AEBB4751EE7E71F0096C479 /* Info.plist */,
			);
			name = "Supporting Files";
			sourceTree = "<group>";
		};
/* End PBXGroup section */

/* Begin PBXNativeTarget section */
		4AEBB4601EE7E71F0096C479 /* YHAudio */ = {
			isa = PBXNativeTarget;
			buildConfigurationList = 4AEBB4781EE7E71F0096C479 /* Build configuration list for PBXNativeTarget "YHAudio" */;
			buildPhases = (
				4AEBB45D1EE7E71F0096C479 /* Sources */,
				4AEBB45E1EE7E71F0096C479 /* Frameworks */,
				4AEBB45F1EE7E71F0096C479 /* Resources */,
			);
			buildRules = (
			);
			dependencies = (
			);
			name = YHAudio;
			productName = YHAudio;
			productReference = 4AEBB4611EE7E71F0096C479 /* YHAudio.app */;
			productType = "com.apple.product-type.application";
		};
/* End PBXNativeTarget section */

/* Begin PBXProject section */
		4AEBB4591EE7E71F0096C479 /* Project object */ = {
			isa = PBXProject;
			attributes = {
				LastUpgradeCheck = 0820;
				ORGANIZATIONNAME = harry;
				TargetAttributes = {
					4AEBB4601EE7E71F0096C479 = {
						CreatedOnToolsVersion = 8.2.1;
						DevelopmentTeam = MLHZBKLKSB;
						ProvisioningStyle = Automatic;
					};
				};
			};
			buildConfigurationList = 4AEBB45C1EE7E71F0096C479 /* Build configuration list for PBXProject "YHAudio" */;
			compatibilityVersion = "Xcode 3.2";
			developmentRegion = English;
			hasScannedForEncodings = 0;
			knownRegions = (
				en,
				Base,
			);
			mainGroup = 4AEBB4581EE7E71F0096C479;
			productRefGroup = 4AEBB4621EE7E71F0096C479 /* Products */;
			projectDirPath = "";
			projectRoot = "";
			targets = (
				4AEBB4601EE7E71F0096C479 /* YHAudio */,
			);
		};
/* End PBXProject section */

/* Begin PBXResourcesBuildPhase section */
		4AEBB45F1EE7E71F0096C479 /* Resources */ = {
			isa = PBXResourcesBuildPhase;
			buildActionMask = 2147483647;
			files = (
				4AEBB4741EE7E71F0096C479 /* LaunchScreen.storyboard in Resources */,
				4AD5F72F1EE8DE5900522AB5 /* in.caf in Resources */,
				4AEBB4711EE7E71F0096C479 /* Assets.xcassets in Resources */,
				4A1671471EEA417400A3AADD /* one.mp3 in Resources */,
				4AEBB46F1EE7E71F0096C479 /* Main.storyboard in Resources */,
			);
			runOnlyForDeploymentPostprocessing = 0;
		};
/* End PBXResourcesBuildPhase section */

/* Begin PBXSourcesBuildPhase section */
		4AEBB45D1EE7E71F0096C479 /* Sources */ = {
			isa = PBXSourcesBuildPhase;
			buildActionMask = 2147483647;
			files = (
				4ACCA4FA1EE84CA8001CE684 /* YHAudioPlayer.m in Sources */,
				4A1671401EEA391700A3AADD /* YHMusicPlayer.m in Sources */,
				4A16713C1EEA26F800A3AADD /* YHSystemSoundCache.m in Sources */,
				4A0490991EE7F8E700C4EF10 /* ViewController.m in Sources */,
				4A0490981EE7F8E700C4EF10 /* main.m in Sources */,
				4A1671451EEA398500A3AADD /* PlayLocalMusicVC.m in Sources */,
				4A0490971EE7F8E700C4EF10 /* AppDelegate.m in Sources */,
				4A04909F1EE8001C00C4EF10 /* homeModel.m in Sources */,
				4AD5F72B1EE8D5E200522AB5 /* PlayShortSoundVC.m in Sources */,
			);
			runOnlyForDeploymentPostprocessing = 0;
		};
/* End PBXSourcesBuildPhase section */

/* Begin PBXVariantGroup section */
		4AEBB46D1EE7E71F0096C479 /* Main.storyboard */ = {
			isa = PBXVariantGroup;
			children = (
				4AEBB46E1EE7E71F0096C479 /* Base */,
			);
			name = Main.storyboard;
			sourceTree = "<group>";
		};
		4AEBB4721EE7E71F0096C479 /* LaunchScreen.storyboard */ = {
			isa = PBXVariantGroup;
			children = (
				4AEBB4731EE7E71F0096C479 /* Base */,
			);
			name = LaunchScreen.storyboard;
			sourceTree = "<group>";
		};
/* End PBXVariantGroup section */

/* Begin XCBuildConfiguration section */
		4AEBB4761EE7E71F0096C479 /* Debug */ = {
			isa = XCBuildConfiguration;
			buildSettings = {
				ALWAYS_SEARCH_USER_PATHS = NO;
				CLANG_ANALYZER_NONNULL = YES;
				CLANG_CXX_LANGUAGE_STANDARD = "gnu++0x";
				CLANG_CXX_LIBRARY = "libc++";
				CLANG_ENABLE_MODULES = YES;
				CLANG_ENABLE_OBJC_ARC = YES;
				CLANG_WARN_BOOL_CONVERSION = YES;
				CLANG_WARN_CONSTANT_CONVERSION = YES;
				CLANG_WARN_DIRECT_OBJC_ISA_USAGE = YES_ERROR;
				CLANG_WARN_DOCUMENTATION_COMMENTS = YES;
				CLANG_WARN_EMPTY_BODY = YES;
				CLANG_WARN_ENUM_CONVERSION = YES;
				CLANG_WARN_INFINITE_RECURSION = YES;
				CLANG_WARN_INT_CONVERSION = YES;
				CLANG_WARN_OBJC_ROOT_CLASS = YES_ERROR;
				CLANG_WARN_SUSPICIOUS_MOVE = YES;
				CLANG_WARN_UNREACHABLE_CODE = YES;
				CLANG_WARN__DUPLICATE_METHOD_MATCH = YES;
				"CODE_SIGN_IDENTITY[sdk=iphoneos*]" = "iPhone Developer";
				COPY_PHASE_STRIP = NO;
				DEBUG_INFORMATION_FORMAT = dwarf;
				ENABLE_STRICT_OBJC_MSGSEND = YES;
				ENABLE_TESTABILITY = YES;
				GCC_C_LANGUAGE_STANDARD = gnu99;
				GCC_DYNAMIC_NO_PIC = NO;
				GCC_NO_COMMON_BLOCKS = YES;
				GCC_OPTIMIZATION_LEVEL = 0;
				GCC_PREPROCESSOR_DEFINITIONS = (
					"DEBUG=1",
					"$(inherited)",
				);
				GCC_WARN_64_TO_32_BIT_CONVERSION = YES;
				GCC_WARN_ABOUT_RETURN_TYPE = YES_ERROR;
				GCC_WARN_UNDECLARED_SELECTOR = YES;
				GCC_WARN_UNINITIALIZED_AUTOS = YES_AGGRESSIVE;
				GCC_WARN_UNUSED_FUNCTION = YES;
				GCC_WARN_UNUSED_VARIABLE = YES;
				IPHONEOS_DEPLOYMENT_TARGET = 10.2;
				MTL_ENABLE_DEBUG_INFO = YES;
				ONLY_ACTIVE_ARCH = YES;
				SDKROOT = iphoneos;
			};
			name = Debug;
		};
		4AEBB4771EE7E71F0096C479 /* Release */ = {
			isa = XCBuildConfiguration;
			buildSettings = {
				ALWAYS_SEARCH_USER_PATHS = NO;
				CLANG_ANALYZER_NONNULL = YES;
				CLANG_CXX_LANGUAGE_STANDARD = "gnu++0x";
				CLANG_CXX_LIBRARY = "libc++";
				CLANG_ENABLE_MODULES = YES;
				CLANG_ENABLE_OBJC_ARC = YES;
				CLANG_WARN_BOOL_CONVERSION = YES;
				CLANG_WARN_CONSTANT_CONVERSION = YES;
				CLANG_WARN_DIRECT_OBJC_ISA_USAGE = YES_ERROR;
				CLANG_WARN_DOCUMENTATION_COMMENTS = YES;
				CLANG_WARN_EMPTY_BODY = YES;
				CLANG_WARN_ENUM_CONVERSION = YES;
				CLANG_WARN_INFINITE_RECURSION = YES;
				CLANG_WARN_INT_CONVERSION = YES;
				CLANG_WARN_OBJC_ROOT_CLASS = YES_ERROR;
				CLANG_WARN_SUSPICIOUS_MOVE = YES;
				CLANG_WARN_UNREACHABLE_CODE = YES;
				CLANG_WARN__DUPLICATE_METHOD_MATCH = YES;
				"CODE_SIGN_IDENTITY[sdk=iphoneos*]" = "iPhone Developer";
				COPY_PHASE_STRIP = NO;
				DEBUG_INFORMATION_FORMAT = "dwarf-with-dsym";
				ENABLE_NS_ASSERTIONS = NO;
				ENABLE_STRICT_OBJC_MSGSEND = YES;
				GCC_C_LANGUAGE_STANDARD = gnu99;
				GCC_NO_COMMON_BLOCKS = YES;
				GCC_WARN_64_TO_32_BIT_CONVERSION = YES;
				GCC_WARN_ABOUT_RETURN_TYPE = YES_ERROR;
				GCC_WARN_UNDECLARED_SELECTOR = YES;
				GCC_WARN_UNINITIALIZED_AUTOS = YES_AGGRESSIVE;
				GCC_WARN_UNUSED_FUNCTION = YES;
				GCC_WARN_UNUSED_VARIABLE = YES;
				IPHONEOS_DEPLOYMENT_TARGET = 10.2;
				MTL_ENABLE_DEBUG_INFO = NO;
				SDKROOT = iphoneos;
				VALIDATE_PRODUCT = YES;
			};
			name = Release;
		};
		4AEBB4791EE7E71F0096C479 /* Debug */ = {
			isa = XCBuildConfiguration;
			buildSettings = {
				ASSETCATALOG_COMPILER_APPICON_NAME = AppIcon;
				DEVELOPMENT_TEAM = MLHZBKLKSB;
				INFOPLIST_FILE = YHAudio/Info.plist;
				LD_RUNPATH_SEARCH_PATHS = "$(inherited) @executable_path/Frameworks";
				PRODUCT_BUNDLE_IDENTIFIER = com.cmcchina.YHAudio;
				PRODUCT_NAME = "$(TARGET_NAME)";
			};
			name = Debug;
		};
		4AEBB47A1EE7E71F0096C479 /* Release */ = {
			isa = XCBuildConfiguration;
			buildSettings = {
				ASSETCATALOG_COMPILER_APPICON_NAME = AppIcon;
				DEVELOPMENT_TEAM = MLHZBKLKSB;
				INFOPLIST_FILE = YHAudio/Info.plist;
				LD_RUNPATH_SEARCH_PATHS = "$(inherited) @executable_path/Frameworks";
				PRODUCT_BUNDLE_IDENTIFIER = com.cmcchina.YHAudio;
				PRODUCT_NAME = "$(TARGET_NAME)";
			};
			name = Release;
		};
/* End XCBuildConfiguration section */

/* Begin XCConfigurationList section */
		4AEBB45C1EE7E71F0096C479 /* Build configuration list for PBXProject "YHAudio" */ = {
			isa = XCConfigurationList;
			buildConfigurations = (
				4AEBB4761EE7E71F0096C479 /* Debug */,
				4AEBB4771EE7E71F0096C479 /* Release */,
			);
			defaultConfigurationIsVisible = 0;
			defaultConfigurationName = Release;
		};
		4AEBB4781EE7E71F0096C479 /* Build configuration list for PBXNativeTarget "YHAudio" */ = {
			isa = XCConfigurationList;
			buildConfigurations = (
				4AEBB4791EE7E71F0096C479 /* Debug */,
				4AEBB47A1EE7E71F0096C479 /* Release */,
			);
			defaultConfigurationIsVisible = 0;
			defaultConfigurationName = Release;
		};
/* End XCConfigurationList section */
	};
	rootObject = 4AEBB4591EE7E71F0096C479 /* Project object */;
}
